// !$*UTF8*$!
{
	archiveVersion = 1;
	classes = {
	};
	objectVersion = 46;
	objects = {

/* Begin PBXBuildFile section */
		2B232BCA1F03D47B00BD061F /* pokemon.ttf in Resources */ = {isa = PBXBuildFile; fileRef = 2B232BC91F03D47B00BD061F /* pokemon.ttf */; };
		2B232BCF1F03DCE500BD061F /* Odin-Rounded-Bold.otf in Resources */ = {isa = PBXBuildFile; fileRef = 2B232BCE1F03DCE500BD061F /* Odin-Rounded-Bold.otf */; };
		2B232BD11F03DEB700BD061F /* music.png in Resources */ = {isa = PBXBuildFile; fileRef = 2B232BD01F03DEB700BD061F /* music.png */; };
		2B232BD31F03DEED00BD061F /* music.mp3 in Resources */ = {isa = PBXBuildFile; fileRef = 2B232BD21F03DEED00BD061F /* music.mp3 */; };
		2B8A22211F0441C800E45686 /* PokemonDetailVC.swift in Sources */ = {isa = PBXBuildFile; fileRef = 2B8A22201F0441C800E45686 /* PokemonDetailVC.swift */; };
		2BDB633F1F03296D00EEEECE /* AppDelegate.swift in Sources */ = {isa = PBXBuildFile; fileRef = 2BDB633E1F03296D00EEEECE /* AppDelegate.swift */; };
		2BDB63411F03296D00EEEECE /* ViewController.swift in Sources */ = {isa = PBXBuildFile; fileRef = 2BDB63401F03296D00EEEECE /* ViewController.swift */; };
		2BDB63441F03296D00EEEECE /* Main.storyboard in Resources */ = {isa = PBXBuildFile; fileRef = 2BDB63421F03296D00EEEECE /* Main.storyboard */; };
		2BDB63461F03296D00EEEECE /* Assets.xcassets in Resources */ = {isa = PBXBuildFile; fileRef = 2BDB63451F03296D00EEEECE /* Assets.xcassets */; };
		2BDB63491F03296D00EEEECE /* LaunchScreen.storyboard in Resources */ = {isa = PBXBuildFile; fileRef = 2BDB63471F03296D00EEEECE /* LaunchScreen.storyboard */; };
		2BDB63511F032FB200EEEECE /* pokemon.csv in Resources */ = {isa = PBXBuildFile; fileRef = 2BDB63501F032FB200EEEECE /* pokemon.csv */; };
		2BDB63541F03310C00EEEECE /* Pokemon.swift in Sources */ = {isa = PBXBuildFile; fileRef = 2BDB63531F03310C00EEEECE /* Pokemon.swift */; };
		2BDB63561F033A2C00EEEECE /* arial-rounded-mt-bold.ttf in Resources */ = {isa = PBXBuildFile; fileRef = 2BDB63551F033A2C00EEEECE /* arial-rounded-mt-bold.ttf */; };
		2BDB63591F033CCD00EEEECE /* PokeCell.swift in Sources */ = {isa = PBXBuildFile; fileRef = 2BDB63581F033CCD00EEEECE /* PokeCell.swift */; };
		2BDB635B1F03493800EEEECE /* csv.swift in Sources */ = {isa = PBXBuildFile; fileRef = 2BDB635A1F03493800EEEECE /* csv.swift */; };
/* End PBXBuildFile section */

/* Begin PBXFileReference section */
		2B232BC91F03D47B00BD061F /* pokemon.ttf */ = {isa = PBXFileReference; lastKnownFileType = file; path = pokemon.ttf; sourceTree = "<group>"; };
		2B232BCE1F03DCE500BD061F /* Odin-Rounded-Bold.otf */ = {isa = PBXFileReference; lastKnownFileType = file; path = "Odin-Rounded-Bold.otf"; sourceTree = "<group>"; };
		2B232BD01F03DEB700BD061F /* music.png */ = {isa = PBXFileReference; lastKnownFileType = image.png; path = music.png; sourceTree = "<group>"; };
		2B232BD21F03DEED00BD061F /* music.mp3 */ = {isa = PBXFileReference; lastKnownFileType = audio.mp3; path = music.mp3; sourceTree = "<group>"; };
		2B8A22201F0441C800E45686 /* PokemonDetailVC.swift */ = {isa = PBXFileReference; fileEncoding = 4; lastKnownFileType = sourcecode.swift; path = PokemonDetailVC.swift; sourceTree = "<group>"; };
		2BDB633B1F03296D00EEEECE /* PokeDex.app */ = {isa = PBXFileReference; explicitFileType = wrapper.application; includeInIndex = 0; path = PokeDex.app; sourceTree = BUILT_PRODUCTS_DIR; };
		2BDB633E1F03296D00EEEECE /* AppDelegate.swift */ = {isa = PBXFileReference; lastKnownFileType = sourcecode.swift; path = AppDelegate.swift; sourceTree = "<group>"; };
		2BDB63401F03296D00EEEECE /* ViewController.swift */ = {isa = PBXFileReference; lastKnownFileType = sourcecode.swift; path = ViewController.swift; sourceTree = "<group>"; };
		2BDB63431F03296D00EEEECE /* Base */ = {isa = PBXFileReference; lastKnownFileType = file.storyboard; name = Base; path = Base.lproj/Main.storyboard; sourceTree = "<group>"; };
		2BDB63451F03296D00EEEECE /* Assets.xcassets */ = {isa = PBXFileReference; lastKnownFileType = folder.assetcatalog; path = Assets.xcassets; sourceTree = "<group>"; };
		2BDB63481F03296D00EEEECE /* Base */ = {isa = PBXFileReference; lastKnownFileType = file.storyboard; name = Base; path = Base.lproj/LaunchScreen.storyboard; sourceTree = "<group>"; };
		2BDB634A1F03296D00EEEECE /* Info.plist */ = {isa = PBXFileReference; lastKnownFileType = text.plist.xml; path = Info.plist; sourceTree = "<group>"; };
		2BDB63501F032FB200EEEECE /* pokemon.csv */ = {isa = PBXFileReference; fileEncoding = 4; lastKnownFileType = text; path = pokemon.csv; sourceTree = "<group>"; };
		2BDB63531F03310C00EEEECE /* Pokemon.swift */ = {isa = PBXFileReference; fileEncoding = 4; lastKnownFileType = sourcecode.swift; path = Pokemon.swift; sourceTree = "<group>"; };
		2BDB63551F033A2C00EEEECE /* arial-rounded-mt-bold.ttf */ = {isa = PBXFileReference; lastKnownFileType = file; path = "arial-rounded-mt-bold.ttf"; sourceTree = "<group>"; };
		2BDB63581F033CCD00EEEECE /* PokeCell.swift */ = {isa = PBXFileReference; fileEncoding = 4; lastKnownFileType = sourcecode.swift; path = PokeCell.swift; sourceTree = "<group>"; };
		2BDB635A1F03493800EEEECE /* csv.swift */ = {isa = PBXFileReference; fileEncoding = 4; lastKnownFileType = sourcecode.swift; path = csv.swift; sourceTree = "<group>"; };
/* End PBXFileReference section */

/* Begin PBXFrameworksBuildPhase section */
		2BDB63381F03296D00EEEECE /* Frameworks */ = {
			isa = PBXFrameworksBuildPhase;
			buildActionMask = 2147483647;
			files = (
			);
			runOnlyForDeploymentPostprocessing = 0;
		};
/* End PBXFrameworksBuildPhase section */

/* Begin PBXGroup section */
		2B232BCB1F03D4AF00BD061F /* Controler */ = {
			isa = PBXGroup;
			children = (
				2BDB63401F03296D00EEEECE /* ViewController.swift */,
				2B8A22201F0441C800E45686 /* PokemonDetailVC.swift */,
			);
			name = Controler;
			sourceTree = "<group>";
		};
		2B232BCC1F03D4C000BD061F /* Resources */ = {
			isa = PBXGroup;
			children = (
				2B232BD01F03DEB700BD061F /* music.png */,
				2B232BCE1F03DCE500BD061F /* Odin-Rounded-Bold.otf */,
				2BDB63551F033A2C00EEEECE /* arial-rounded-mt-bold.ttf */,
				2B232BC91F03D47B00BD061F /* pokemon.ttf */,
				2B232BD21F03DEED00BD061F /* music.mp3 */,
				2BDB63501F032FB200EEEECE /* pokemon.csv */,
			);
			name = Resources;
			sourceTree = "<group>";
		};
		2B232BCD1F03D55500BD061F /* Util */ = {
			isa = PBXGroup;
			children = (
				2BDB635A1F03493800EEEECE /* csv.swift */,
			);
			name = Util;
			sourceTree = "<group>";
		};
		2BDB63321F03296D00EEEECE = {
			isa = PBXGroup;
			children = (
				2BDB633D1F03296D00EEEECE /* PokeDex */,
				2BDB633C1F03296D00EEEECE /* Products */,
			);
			sourceTree = "<group>";
		};
		2BDB633C1F03296D00EEEECE /* Products */ = {
			isa = PBXGroup;
			children = (
				2BDB633B1F03296D00EEEECE /* PokeDex.app */,
			);
			name = Products;
			sourceTree = "<group>";
		};
		2BDB633D1F03296D00EEEECE /* PokeDex */ = {
			isa = PBXGroup;
			children = (
				2BDB63521F0330E100EEEECE /* Model */,
				2BDB63571F033C8F00EEEECE /* View */,
				2B232BCB1F03D4AF00BD061F /* Controler */,
				2B232BCC1F03D4C000BD061F /* Resources */,
				2B232BCD1F03D55500BD061F /* Util */,
				2BDB633E1F03296D00EEEECE /* AppDelegate.swift */,
				2BDB63421F03296D00EEEECE /* Main.storyboard */,
				2BDB63451F03296D00EEEECE /* Assets.xcassets */,
				2BDB63471F03296D00EEEECE /* LaunchScreen.storyboard */,
				2BDB634A1F03296D00EEEECE /* Info.plist */,
			);
			path = PokeDex;
			sourceTree = "<group>";
		};
		2BDB63521F0330E100EEEECE /* Model */ = {
			isa = PBXGroup;
			children = (
				2BDB63531F03310C00EEEECE /* Pokemon.swift */,
			);
			name = Model;
			sourceTree = "<group>";
		};
		2BDB63571F033C8F00EEEECE /* View */ = {
			isa = PBXGroup;
			children = (
				2BDB63581F033CCD00EEEECE /* PokeCell.swift */,
			);
			name = View;
			sourceTree = "<group>";
		};
/* End PBXGroup section */

/* Begin PBXNativeTarget section */
		2BDB633A1F03296D00EEEECE /* PokeDex */ = {
			isa = PBXNativeTarget;
			buildConfigurationList = 2BDB634D1F03296D00EEEECE /* Build configuration list for PBXNativeTarget "PokeDex" */;
			buildPhases = (
				2BDB63371F03296D00EEEECE /* Sources */,
				2BDB63381F03296D00EEEECE /* Frameworks */,
				2BDB63391F03296D00EEEECE /* Resources */,
			);
			buildRules = (
			);
			dependencies = (
			);
			name = PokeDex;
			productName = PokeDex;
			productReference = 2BDB633B1F03296D00EEEECE /* PokeDex.app */;
			productType = "com.apple.product-type.application";
		};
/* End PBXNativeTarget section */

/* Begin PBXProject section */
		2BDB63331F03296D00EEEECE /* Project object */ = {
			isa = PBXProject;
			attributes = {
				LastSwiftUpdateCheck = 0830;
				LastUpgradeCheck = 0830;
				ORGANIZATIONNAME = Alium;
				TargetAttributes = {
					2BDB633A1F03296D00EEEECE = {
						CreatedOnToolsVersion = 8.3.3;
						DevelopmentTeam = MW37N49RPZ;
						LastSwiftMigration = 0830;
						ProvisioningStyle = Automatic;
					};
				};
			};
			buildConfigurationList = 2BDB63361F03296D00EEEECE /* Build configuration list for PBXProject "PokeDex" */;
			compatibilityVersion = "Xcode 3.2";
			developmentRegion = English;
			hasScannedForEncodings = 0;
			knownRegions = (
				en,
				Base,
			);
			mainGroup = 2BDB63321F03296D00EEEECE;
			productRefGroup = 2BDB633C1F03296D00EEEECE /* Products */;
			projectDirPath = "";
			projectRoot = "";
			targets = (
				2BDB633A1F03296D00EEEECE /* PokeDex */,
			);
		};
/* End PBXProject section */

/* Begin PBXResourcesBuildPhase section */
		2BDB63391F03296D00EEEECE /* Resources */ = {
			isa = PBXResourcesBuildPhase;
			buildActionMask = 2147483647;
			files = (
				2BDB63491F03296D00EEEECE /* LaunchScreen.storyboard in Resources */,
				2B232BCF1F03DCE500BD061F /* Odin-Rounded-Bold.otf in Resources */,
				2B232BD31F03DEED00BD061F /* music.mp3 in Resources */,
				2BDB63561F033A2C00EEEECE /* arial-rounded-mt-bold.ttf in Resources */,
				2BDB63461F03296D00EEEECE /* Assets.xcassets in Resources */,
				2B232BCA1F03D47B00BD061F /* pokemon.ttf in Resources */,
				2B232BD11F03DEB700BD061F /* music.png in Resources */,
				2BDB63511F032FB200EEEECE /* pokemon.csv in Resources */,
				2BDB63441F03296D00EEEECE /* Main.storyboard in Resources */,
			);
			runOnlyForDeploymentPostprocessing = 0;
		};
/* End PBXResourcesBuildPhase section */

/* Begin PBXSourcesBuildPhase section */
		2BDB63371F03296D00EEEECE /* Sources */ = {
			isa = PBXSourcesBuildPhase;
			buildActionMask = 2147483647;
			files = (
				2BDB63591F033CCD00EEEECE /* PokeCell.swift in Sources */,
				2BDB63411F03296D00EEEECE /* ViewController.swift in Sources */,
				2BDB633F1F03296D00EEEECE /* AppDelegate.swift in Sources */,
				2B8A22211F0441C800E45686 /* PokemonDetailVC.swift in Sources */,
				2BDB63541F03310C00EEEECE /* Pokemon.swift in Sources */,
				2BDB635B1F03493800EEEECE /* csv.swift in Sources */,
			);
			runOnlyForDeploymentPostprocessing = 0;
		};
/* End PBXSourcesBuildPhase section */

/* Begin PBXVariantGroup section */
		2BDB63421F03296D00EEEECE /* Main.storyboard */ = {
			isa = PBXVariantGroup;
			children = (
				2BDB63431F03296D00EEEECE /* Base */,
			);
			name = Main.storyboard;
			sourceTree = "<group>";
		};
		2BDB63471F03296D00EEEECE /* LaunchScreen.storyboard */ = {
			isa = PBXVariantGroup;
			children = (
				2BDB63481F03296D00EEEECE /* Base */,
			);
			name = LaunchScreen.storyboard;
			sourceTree = "<group>";
		};
/* End PBXVariantGroup section */

/* Begin XCBuildConfiguration section */
		2BDB634B1F03296D00EEEECE /* Debug */ = {
			isa = XCBuildConfiguration;
			buildSettings = {
				ALWAYS_SEARCH_USER_PATHS = NO;
				CLANG_ANALYZER_NONNULL = YES;
				CLANG_ANALYZER_NUMBER_OBJECT_CONVERSION = YES_AGGRESSIVE;
				CLANG_CXX_LANGUAGE_STANDARD = "gnu++0x";
				CLANG_CXX_LIBRARY = "libc++";
				CLANG_ENABLE_MODULES = YES;
				CLANG_ENABLE_OBJC_ARC = YES;
				CLANG_WARN_BOOL_CONVERSION = YES;
				CLANG_WARN_CONSTANT_CONVERSION = YES;
				CLANG_WARN_DIRECT_OBJC_ISA_USAGE = YES_ERROR;
				CLANG_WARN_DOCUMENTATION_COMMENTS = YES;
				CLANG_WARN_EMPTY_BODY = YES;
				CLANG_WARN_ENUM_CONVERSION = YES;
				CLANG_WARN_INFINITE_RECURSION = YES;
				CLANG_WARN_INT_CONVERSION = YES;
				CLANG_WARN_OBJC_ROOT_CLASS = YES_ERROR;
				CLANG_WARN_SUSPICIOUS_MOVE = YES;
				CLANG_WARN_UNREACHABLE_CODE = YES;
				CLANG_WARN__DUPLICATE_METHOD_MATCH = YES;
				"CODE_SIGN_IDENTITY[sdk=iphoneos*]" = "iPhone Developer";
				COPY_PHASE_STRIP = NO;
				DEBUG_INFORMATION_FORMAT = dwarf;
				ENABLE_STRICT_OBJC_MSGSEND = YES;
				ENABLE_TESTABILITY = YES;
				GCC_C_LANGUAGE_STANDARD = gnu99;
				GCC_DYNAMIC_NO_PIC = NO;
				GCC_NO_COMMON_BLOCKS = YES;
				GCC_OPTIMIZATION_LEVEL = 0;
				GCC_PREPROCESSOR_DEFINITIONS = (
					"DEBUG=1",
					"$(inherited)",
				);
				GCC_WARN_64_TO_32_BIT_CONVERSION = YES;
				GCC_WARN_ABOUT_RETURN_TYPE = YES_ERROR;
				GCC_WARN_UNDECLARED_SELECTOR = YES;
				GCC_WARN_UNINITIALIZED_AUTOS = YES_AGGRESSIVE;
				GCC_WARN_UNUSED_FUNCTION = YES;
				GCC_WARN_UNUSED_VARIABLE = YES;
				IPHONEOS_DEPLOYMENT_TARGET = 10.3;
				MTL_ENABLE_DEBUG_INFO = YES;
				ONLY_ACTIVE_ARCH = YES;
				SDKROOT = iphoneos;
				SWIFT_ACTIVE_COMPILATION_CONDITIONS = DEBUG;
				SWIFT_OPTIMIZATION_LEVEL = "-Onone";
			};
			name = Debug;
		};
		2BDB634C1F03296D00EEEECE /* Release */ = {
			isa = XCBuildConfiguration;
			buildSettings = {
				ALWAYS_SEARCH_USER_PATHS = NO;
				CLANG_ANALYZER_NONNULL = YES;
				CLANG_ANALYZER_NUMBER_OBJECT_CONVERSION = YES_AGGRESSIVE;
				CLANG_CXX_LANGUAGE_STANDARD = "gnu++0x";
				CLANG_CXX_LIBRARY = "libc++";
				CLANG_ENABLE_MODULES = YES;
				CLANG_ENABLE_OBJC_ARC = YES;
				CLANG_WARN_BOOL_CONVERSION = YES;
				CLANG_WARN_CONSTANT_CONVERSION = YES;
				CLANG_WARN_DIRECT_OBJC_ISA_USAGE = YES_ERROR;
				CLANG_WARN_DOCUMENTATION_COMMENTS = YES;
				CLANG_WARN_EMPTY_BODY = YES;
				CLANG_WARN_ENUM_CONVERSION = YES;
				CLANG_WARN_INFINITE_RECURSION = YES;
				CLANG_WARN_INT_CONVERSION = YES;
				CLANG_WARN_OBJC_ROOT_CLASS = YES_ERROR;
				CLANG_WARN_SUSPICIOUS_MOVE = YES;
				CLANG_WARN_UNREACHABLE_CODE = YES;
				CLANG_WARN__DUPLICATE_METHOD_MATCH = YES;
				"CODE_SIGN_IDENTITY[sdk=iphoneos*]" = "iPhone Developer";
				COPY_PHASE_STRIP = NO;
				DEBUG_INFORMATION_FORMAT = "dwarf-with-dsym";
				ENABLE_NS_ASSERTIONS = NO;
				ENABLE_STRICT_OBJC_MSGSEND = YES;
				GCC_C_LANGUAGE_STANDARD = gnu99;
				GCC_NO_COMMON_BLOCKS = YES;
				GCC_WARN_64_TO_32_BIT_CONVERSION = YES;
				GCC_WARN_ABOUT_RETURN_TYPE = YES_ERROR;
				GCC_WARN_UNDECLARED_SELECTOR = YES;
				GCC_WARN_UNINITIALIZED_AUTOS = YES_AGGRESSIVE;
				GCC_WARN_UNUSED_FUNCTION = YES;
				GCC_WARN_UNUSED_VARIABLE = YES;
				IPHONEOS_DEPLOYMENT_TARGET = 10.3;
				MTL_ENABLE_DEBUG_INFO = NO;
				SDKROOT = iphoneos;
				SWIFT_OPTIMIZATION_LEVEL = "-Owholemodule";
				VALIDATE_PRODUCT = YES;
			};
			name = Release;
		};
		2BDB634E1F03296D00EEEECE /* Debug */ = {
			isa = XCBuildConfiguration;
			buildSettings = {
				ASSETCATALOG_COMPILER_APPICON_NAME = AppIcon;
				"CODE_SIGN_IDENTITY[sdk=iphoneos*]" = "iPhone Developer";
				DEVELOPMENT_TEAM = MW37N49RPZ;
				INFOPLIST_FILE = PokeDex/Info.plist;
				LD_RUNPATH_SEARCH_PATHS = "$(inherited) @executable_path/Frameworks";
				PRODUCT_BUNDLE_IDENTIFIER = "com.Alium-Soft.PokeDex3";
				PRODUCT_NAME = "$(TARGET_NAME)";
				PROVISIONING_PROFILE_SPECIFIER = "";
				SWIFT_VERSION = 3.0;
			};
			name = Debug;
		};
		2BDB634F1F03296D00EEEECE /* Release */ = {
			isa = XCBuildConfiguration;
			buildSettings = {
				ASSETCATALOG_COMPILER_APPICON_NAME = AppIcon;
				"CODE_SIGN_IDENTITY[sdk=iphoneos*]" = "iPhone Developer";
				DEVELOPMENT_TEAM = MW37N49RPZ;
				INFOPLIST_FILE = PokeDex/Info.plist;
				LD_RUNPATH_SEARCH_PATHS = "$(inherited) @executable_path/Frameworks";
				PRODUCT_BUNDLE_IDENTIFIER = "com.Alium-Soft.PokeDex3";
				PRODUCT_NAME = "$(TARGET_NAME)";
				PROVISIONING_PROFILE_SPECIFIER = "";
				SWIFT_VERSION = 3.0;
			};
			name = Release;
		};
/* End XCBuildConfiguration section */

/* Begin XCConfigurationList section */
		2BDB63361F03296D00EEEECE /* Build configuration list for PBXProject "PokeDex" */ = {
			isa = XCConfigurationList;
			buildConfigurations = (
				2BDB634B1F03296D00EEEECE /* Debug */,
				2BDB634C1F03296D00EEEECE /* Release */,
			);
			defaultConfigurationIsVisible = 0;
			defaultConfigurationName = Release;
		};
		2BDB634D1F03296D00EEEECE /* Build configuration list for PBXNativeTarget "PokeDex" */ = {
			isa = XCConfigurationList;
			buildConfigurations = (
				2BDB634E1F03296D00EEEECE /* Debug */,
				2BDB634F1F03296D00EEEECE /* Release */,
			);
			defaultConfigurationIsVisible = 0;
			defaultConfigurationName = Release;
		};
/* End XCConfigurationList section */
	};
	rootObject = 2BDB63331F03296D00EEEECE /* Project object */;
}
